
Microsoft Visual Studio Solution File, Format Version 12.00
# Visual Studio Version 16
VisualStudioVersion = 16.0.30309.148
MinimumVisualStudioVersion = 10.0.40219.1
Project("{FAE04EC0-301F-11D3-BF4B-00C04F79EFBC}") = "Api", "Challenge\Api.csproj", "{6369627B-8AF0-49DD-BAAD-208FDD22231B}"
EndProject
Project("{FAE04EC0-301F-11D3-BF4B-00C04F79EFBC}") = "DAL", "DAL\DAL.csproj", "{7771746A-4CC5-47ED-8BEC-186BBF418022}"
EndProject
Project("{FAE04EC0-301F-11D3-BF4B-00C04F79EFBC}") = "Aplicacion", "Aplicacion\Aplicacion.csproj", "{E40835D1-0DD4-402F-9C0B-16A916B9850C}"
EndProject
Project("{FAE04EC0-301F-11D3-BF4B-00C04F79EFBC}") = "Test", "Test\Test.csproj", "{08404857-BC55-4E7C-A196-7006883C5D53}"
EndProject
Global
	GlobalSection(SolutionConfigurationPlatforms) = preSolution
		Debug|Any CPU = Debug|Any CPU
		Release|Any CPU = Release|Any CPU
	EndGlobalSection
	GlobalSection(ProjectConfigurationPlatforms) = postSolution
		{6369627B-8AF0-49DD-BAAD-208FDD22231B}.Debug|Any CPU.ActiveCfg = Debug|Any CPU
		{6369627B-8AF0-49DD-BAAD-208FDD22231B}.Debug|Any CPU.Build.0 = Debug|Any CPU
		{6369627B-8AF0-49DD-BAAD-208FDD22231B}.Release|Any CPU.ActiveCfg = Release|Any CPU
		{6369627B-8AF0-49DD-BAAD-208FDD22231B}.Release|Any CPU.Build.0 = Release|Any CPU
		{7771746A-4CC5-47ED-8BEC-186BBF418022}.Debug|Any CPU.ActiveCfg = Debug|Any CPU
		{7771746A-4CC5-47ED-8BEC-186BBF418022}.Debug|Any CPU.Build.0 = Debug|Any CPU
		{7771746A-4CC5-47ED-8BEC-186BBF418022}.Release|Any CPU.ActiveCfg = Release|Any CPU
		{7771746A-4CC5-47ED-8BEC-186BBF418022}.Release|Any CPU.Build.0 = Release|Any CPU
		{E40835D1-0DD4-402F-9C0B-16A916B9850C}.Debug|Any CPU.ActiveCfg = Debug|Any CPU
		{E40835D1-0DD4-402F-9C0B-16A916B9850C}.Debug|Any CPU.Build.0 = Debug|Any CPU
		{E40835D1-0DD4-402F-9C0B-16A916B9850C}.Release|Any CPU.ActiveCfg = Release|Any CPU
		{E40835D1-0DD4-402F-9C0B-16A916B9850C}.Release|Any CPU.Build.0 = Release|Any CPU
		{08404857-BC55-4E7C-A196-7006883C5D53}.Debug|Any CPU.ActiveCfg = Debug|Any CPU
		{08404857-BC55-4E7C-A196-7006883C5D53}.Debug|Any CPU.Build.0 = Debug|Any CPU
		{08404857-BC55-4E7C-A196-7006883C5D53}.Release|Any CPU.ActiveCfg = Release|Any CPU
		{08404857-BC55-4E7C-A196-7006883C5D53}.Release|Any CPU.Build.0 = Release|Any CPU
	EndGlobalSection
	GlobalSection(SolutionProperties) = preSolution
		HideSolutionNode = FALSE
	EndGlobalSection
	GlobalSection(ExtensibilityGlobals) = postSolution
		SolutionGuid = {EA943A84-8481-4D0A-A007-73EA04FA6516}
	EndGlobalSection
EndGlobal
